
Microsoft Visual Studio Solution File, Format Version 12.00
# Visual Studio Version 17
VisualStudioVersion = 17.9.34622.214
MinimumVisualStudioVersion = 10.0.40219.1
Project("{FAE04EC0-301F-11D3-BF4B-00C04F79EFBC}") = "Blogy.WebUI", "Blogy.WebUI\Blogy.WebUI.csproj", "{4C73B77A-E866-4768-B174-D05C16789367}"
EndProject
Project("{FAE04EC0-301F-11D3-BF4B-00C04F79EFBC}") = "Blogy.EntityLayer", "Blogy.EntityLayer\Blogy.EntityLayer.csproj", "{1FE7D107-B18C-4CFE-A5D9-B856CC6B5C29}"
EndProject
Global
	GlobalSection(SolutionConfigurationPlatforms) = preSolution
		Debug|Any CPU = Debug|Any CPU
		Release|Any CPU = Release|Any CPU
	EndGlobalSection
	GlobalSection(ProjectConfigurationPlatforms) = postSolution
		{4C73B77A-E866-4768-B174-D05C16789367}.Debug|Any CPU.ActiveCfg = Debug|Any CPU
		{4C73B77A-E866-4768-B174-D05C16789367}.Debug|Any CPU.Build.0 = Debug|Any CPU
		{4C73B77A-E866-4768-B174-D05C16789367}.Release|Any CPU.ActiveCfg = Release|Any CPU
		{4C73B77A-E866-4768-B174-D05C16789367}.Release|Any CPU.Build.0 = Release|Any CPU
		{1FE7D107-B18C-4CFE-A5D9-B856CC6B5C29}.Debug|Any CPU.ActiveCfg = Debug|Any CPU
		{1FE7D107-B18C-4CFE-A5D9-B856CC6B5C29}.Debug|Any CPU.Build.0 = Debug|Any CPU
		{1FE7D107-B18C-4CFE-A5D9-B856CC6B5C29}.Release|Any CPU.ActiveCfg = Release|Any CPU
		{1FE7D107-B18C-4CFE-A5D9-B856CC6B5C29}.Release|Any CPU.Build.0 = Release|Any CPU
	EndGlobalSection
	GlobalSection(SolutionProperties) = preSolution
		HideSolutionNode = FALSE
	EndGlobalSection
	GlobalSection(ExtensibilityGlobals) = postSolution
		SolutionGuid = {4D6D3E32-B461-4893-89FE-C68E110E406E}
	EndGlobalSection
EndGlobal
